
Microsoft Visual Studio Solution File, Format Version 12.00
# Visual Studio Version 16
VisualStudioVersion = 16.0.31729.503
MinimumVisualStudioVersion = 10.0.40219.1
Project("{8BC9CEB8-8B4A-11D0-8D11-00A0C91BC942}") = "opengllab1_3", "opengllab1_3\opengllab1_3.vcxproj", "{D1FDECDF-356F-42EA-9BEF-196B69859F6A}"
EndProject
Global
	GlobalSection(SolutionConfigurationPlatforms) = preSolution
		Debug|x64 = Debug|x64
		Debug|x86 = Debug|x86
		Release|x64 = Release|x64
		Release|x86 = Release|x86
	EndGlobalSection
	GlobalSection(ProjectConfigurationPlatforms) = postSolution
		{D1FDECDF-356F-42EA-9BEF-196B69859F6A}.Debug|x64.ActiveCfg = Debug|x64
		{D1FDECDF-356F-42EA-9BEF-196B69859F6A}.Debug|x64.Build.0 = Debug|x64
		{D1FDECDF-356F-42EA-9BEF-196B69859F6A}.Debug|x86.ActiveCfg = Debug|Win32
		{D1FDECDF-356F-42EA-9BEF-196B69859F6A}.Debug|x86.Build.0 = Debug|Win32
		{D1FDECDF-356F-42EA-9BEF-196B69859F6A}.Release|x64.ActiveCfg = Release|x64
		{D1FDECDF-356F-42EA-9BEF-196B69859F6A}.Release|x64.Build.0 = Release|x64
		{D1FDECDF-356F-42EA-9BEF-196B69859F6A}.Release|x86.ActiveCfg = Release|Win32
		{D1FDECDF-356F-42EA-9BEF-196B69859F6A}.Release|x86.Build.0 = Release|Win32
	EndGlobalSection
	GlobalSection(SolutionProperties) = preSolution
		HideSolutionNode = FALSE
	EndGlobalSection
	GlobalSection(ExtensibilityGlobals) = postSolution
		SolutionGuid = {45628C8B-9D80-453B-945C-45DB8652579A}
	EndGlobalSection
EndGlobal
